
Microsoft Visual Studio Solution File, Format Version 12.00
# Visual Studio 15
VisualStudioVersion = 15.0.27428.2027
MinimumVisualStudioVersion = 10.0.40219.1
Project("{9A19103F-16F7-4668-BE54-9A1E7A4F7556}") = "CassandraLocal", "CassandraLocal\CassandraLocal.csproj", "{B3191093-A9F1-4C53-B5FA-75572BABF4F3}"
EndProject
Project("{9A19103F-16F7-4668-BE54-9A1E7A4F7556}") = "CassandraLocal.Tests", "CassandraLocal.Tests\CassandraLocal.Tests.csproj", "{B7EC3E0F-6E32-423A-A4F9-03048EBDB09B}"
EndProject
Global
	GlobalSection(SolutionConfigurationPlatforms) = preSolution
		Debug|Any CPU = Debug|Any CPU
		Release|Any CPU = Release|Any CPU
	EndGlobalSection
	GlobalSection(ProjectConfigurationPlatforms) = postSolution
		{B3191093-A9F1-4C53-B5FA-75572BABF4F3}.Debug|Any CPU.ActiveCfg = Debug|Any CPU
		{B3191093-A9F1-4C53-B5FA-75572BABF4F3}.Debug|Any CPU.Build.0 = Debug|Any CPU
		{B3191093-A9F1-4C53-B5FA-75572BABF4F3}.Release|Any CPU.ActiveCfg = Release|Any CPU
		{B3191093-A9F1-4C53-B5FA-75572BABF4F3}.Release|Any CPU.Build.0 = Release|Any CPU
		{B7EC3E0F-6E32-423A-A4F9-03048EBDB09B}.Debug|Any CPU.ActiveCfg = Debug|Any CPU
		{B7EC3E0F-6E32-423A-A4F9-03048EBDB09B}.Debug|Any CPU.Build.0 = Debug|Any CPU
		{B7EC3E0F-6E32-423A-A4F9-03048EBDB09B}.Release|Any CPU.ActiveCfg = Release|Any CPU
		{B7EC3E0F-6E32-423A-A4F9-03048EBDB09B}.Release|Any CPU.Build.0 = Release|Any CPU
	EndGlobalSection
	GlobalSection(SolutionProperties) = preSolution
		HideSolutionNode = FALSE
	EndGlobalSection
	GlobalSection(ExtensibilityGlobals) = postSolution
		SolutionGuid = {70C066AC-584D-4970-ACC9-AD2070B93E87}
	EndGlobalSection
EndGlobal
