
Microsoft Visual Studio Solution File, Format Version 12.00
# Visual Studio 2012
Project("{FAE04EC0-301F-11D3-BF4B-00C04F79EFBC}") = "OneReplicsTests", "Tests\OneReplicsTests.csproj", "{6C60A962-E359-4A0A-99F6-B0F3FA14EF34}"
EndProject
Project("{FAE04EC0-301F-11D3-BF4B-00C04F79EFBC}") = "CassandraDeploymentManager", "CassandraDeploymentManager\CassandraDeploymentManager.csproj", "{591110DC-340C-4CEF-96C6-A07A3F5DF50D}"
EndProject
Global
	GlobalSection(SolutionConfigurationPlatforms) = preSolution
		Debug|Any CPU = Debug|Any CPU
		Release|Any CPU = Release|Any CPU
	EndGlobalSection
	GlobalSection(ProjectConfigurationPlatforms) = postSolution
		{6C60A962-E359-4A0A-99F6-B0F3FA14EF34}.Debug|Any CPU.ActiveCfg = Debug|Any CPU
		{6C60A962-E359-4A0A-99F6-B0F3FA14EF34}.Debug|Any CPU.Build.0 = Debug|Any CPU
		{6C60A962-E359-4A0A-99F6-B0F3FA14EF34}.Release|Any CPU.ActiveCfg = Release|Any CPU
		{6C60A962-E359-4A0A-99F6-B0F3FA14EF34}.Release|Any CPU.Build.0 = Release|Any CPU
		{591110DC-340C-4CEF-96C6-A07A3F5DF50D}.Debug|Any CPU.ActiveCfg = Debug|Any CPU
		{591110DC-340C-4CEF-96C6-A07A3F5DF50D}.Debug|Any CPU.Build.0 = Debug|Any CPU
		{591110DC-340C-4CEF-96C6-A07A3F5DF50D}.Release|Any CPU.ActiveCfg = Release|Any CPU
		{591110DC-340C-4CEF-96C6-A07A3F5DF50D}.Release|Any CPU.Build.0 = Release|Any CPU
	EndGlobalSection
	GlobalSection(SolutionProperties) = preSolution
		HideSolutionNode = FALSE
	EndGlobalSection
EndGlobal
